{
  "name": "focal",
  "lockfileVersion": 3,
  "requires": true,
  "packages": {
    "": {
      "name": "focal",
      "workspaces": [
        "packages/*"
      ]
    },
    "node_modules/@focal/cli": {
      "resolved": "packages/cli",
      "link": true
    },
    "node_modules/@focal/core": {
      "resolved": "packages/core",
      "link": true
    },
    "node_modules/@types/node": {
      "version": "20.19.39",
      "resolved": "https://registry.npmjs.org/@types/node/-/node-20.19.39.tgz",
      "integrity": "sha512-orrrD74MBUyK8jOAD/r0+lfa1I2MO6I+vAkmAWzMYbCcgrN4lCrmK52gRFQq/JRxfYPfonkr4b0jcY7Olqdqbw==",
      "dev": true,
      "license": "MIT",
      "dependencies": {
        "undici-types": "~6.21.0"
      }
    },
    "node_modules/commander": {
      "version": "12.1.0",
      "resolved": "https://registry.npmjs.org/commander/-/commander-12.1.0.tgz",
      "integrity": "sha512-Vw8qHK3bZM9y/P10u3Vib8o/DdkvA2OtPtZvD871QKjy74Wj1WSKFILMPRPSdUSx5RFK1arlJzEtA4PkFgnbuA==",
      "license": "MIT",
      "engines": {
        "node": ">=18"
      }
    },
    "node_modules/lowdb": {
      "version": "7.0.1",
      "resolved": "https://registry.npmjs.org/lowdb/-/lowdb-7.0.1.tgz",
      "integrity": "sha512-neJAj8GwF0e8EpycYIDFqEPcx9Qz4GUho20jWFR7YiFeXzF1YMLdxB36PypcTSPMA+4+LvgyMacYhlr18Zlymw==",
      "license": "MIT",
      "dependencies": {
        "steno": "^4.0.2"
      },
      "engines": {
        "node": ">=18"
      },
      "funding": {
        "url": "https://github.com/sponsors/typicode"
      }
    },
    "node_modules/node-addon-api": {
      "version": "8.7.0",
      "resolved": "https://registry.npmjs.org/node-addon-api/-/node-addon-api-8.7.0.tgz",
      "integrity": "sha512-9MdFxmkKaOYVTV+XVRG8ArDwwQ77XIgIPyKASB1k3JPq3M8fGQQQE3YpMOrKm6g//Ktx8ivZr8xo1Qmtqub+GA==",
      "license": "MIT",
      "engines": {
        "node": "^18 || ^20 || >= 21"
      }
    },
    "node_modules/node-gyp-build": {
      "version": "4.8.4",
      "resolved": "https://registry.npmjs.org/node-gyp-build/-/node-gyp-build-4.8.4.tgz",
      "integrity": "sha512-LA4ZjwlnUblHVgq0oBF3Jl/6h/Nvs5fzBLwdEF4nuxnFdsfajde4WfxtJr3CaiH+F6ewcIB/q4jQ4UzPyid+CQ==",
      "license": "MIT",
      "bin": {
        "node-gyp-build": "bin.js",
        "node-gyp-build-optional": "optional.js",
        "node-gyp-build-test": "build-test.js"
      }
    },
    "node_modules/steno": {
      "version": "4.0.2",
      "resolved": "https://registry.npmjs.org/steno/-/steno-4.0.2.tgz",
      "integrity": "sha512-yhPIQXjrlt1xv7dyPQg2P17URmXbuM5pdGkpiMB3RenprfiBlvK415Lctfe0eshk90oA7/tNq7WEiMK8RSP39A==",
      "license": "MIT",
      "engines": {
        "node": ">=18"
      },
      "funding": {
        "url": "https://github.com/sponsors/typicode"
      }
    },
    "node_modules/tree-sitter": {
      "version": "0.21.1",
      "resolved": "https://registry.npmjs.org/tree-sitter/-/tree-sitter-0.21.1.tgz",
      "integrity": "sha512-7dxoA6kYvtgWw80265MyqJlkRl4yawIjO7S5MigytjELkX43fV2WsAXzsNfO7sBpPPCF5Gp0+XzHk0DwLCq3xQ==",
      "hasInstallScript": true,
      "license": "MIT",
      "dependencies": {
        "node-addon-api": "^8.0.0",
        "node-gyp-build": "^4.8.0"
      }
    },
    "node_modules/tree-sitter-javascript": {
      "version": "0.21.4",
      "resolved": "https://registry.npmjs.org/tree-sitter-javascript/-/tree-sitter-javascript-0.21.4.tgz",
      "integrity": "sha512-Lrk8yahebwrwc1sWJE9xPcz1OnnqiEV7Dh5fbN6EN3wNAdu9r06HpTqLqDwUUbnG4EB46Sfk+FJFAOldfoKLOw==",
      "hasInstallScript": true,
      "license": "MIT",
      "dependencies": {
        "node-addon-api": "^8.0.0",
        "node-gyp-build": "^4.8.1"
      },
      "peerDependencies": {
        "tree-sitter": "^0.21.1"
      },
      "peerDependenciesMeta": {
        "tree_sitter": {
          "optional": true
        }
      }
    },
    "node_modules/tree-sitter-python": {
      "version": "0.21.0",
      "resolved": "https://registry.npmjs.org/tree-sitter-python/-/tree-sitter-python-0.21.0.tgz",
      "integrity": "sha512-IUKx7JcTVbByUx1iHGFS/QsIjx7pqwTMHL9bl/NGyhyyydbfNrpruo2C7W6V4KZrbkkCOlX8QVrCoGOFW5qecg==",
      "hasInstallScript": true,
      "license": "MIT",
      "dependencies": {
        "node-addon-api": "^7.1.0",
        "node-gyp-build": "^4.8.0"
      },
      "peerDependencies": {
        "tree-sitter": "^0.21.0"
      },
      "peerDependenciesMeta": {
        "tree_sitter": {
          "optional": true
        }
      }
    },
    "node_modules/tree-sitter-python/node_modules/node-addon-api": {
      "version": "7.1.1",
      "resolved": "https://registry.npmjs.org/node-addon-api/-/node-addon-api-7.1.1.tgz",
      "integrity": "sha512-5m3bsyrjFWE1xf7nz7YXdN4udnVtXK6/Yfgn5qnahL6bCkf2yKt4k3nuTKAtT4r3IG8JNR2ncsIMdZuAzJjHQQ==",
      "license": "MIT"
    },
    "node_modules/tree-sitter-typescript": {
      "version": "0.21.2",
      "resolved": "https://registry.npmjs.org/tree-sitter-typescript/-/tree-sitter-typescript-0.21.2.tgz",
      "integrity": "sha512-/RyNK41ZpkA8PuPZimR6pGLvNR1p0ibRUJwwQn4qAjyyLEIQD/BNlwS3NSxWtGsAWZe9gZ44VK1mWx2+eQVldg==",
      "hasInstallScript": true,
      "license": "MIT",
      "dependencies": {
        "node-addon-api": "^8.0.0",
        "node-gyp-build": "^4.8.1"
      },
      "peerDependencies": {
        "tree-sitter": "^0.21.0"
      },
      "peerDependenciesMeta": {
        "tree_sitter": {
          "optional": true
        }
      }
    },
    "node_modules/typescript": {
      "version": "5.9.3",
      "resolved": "https://registry.npmjs.org/typescript/-/typescript-5.9.3.tgz",
      "integrity": "sha512-jl1vZzPDinLr9eUt3J/t7V6FgNEw9QjvBPdysz9KfQDD41fQrC2Y4vKQdiaUpFT4bXlb1RHhLpp8wtm6M5TgSw==",
      "dev": true,
      "license": "Apache-2.0",
      "bin": {
        "tsc": "bin/tsc",
        "tsserver": "bin/tsserver"
      },
      "engines": {
        "node": ">=14.17"
      }
    },
    "node_modules/undici-types": {
      "version": "6.21.0",
      "resolved": "https://registry.npmjs.org/undici-types/-/undici-types-6.21.0.tgz",
      "integrity": "sha512-iwDZqg0QAGrg9Rav5H4n0M64c3mkR59cJ6wQp+7C4nI0gsmExaedaYLNO44eT4AtBBwjbTiGPMlt2Md0T9H9JQ==",
      "dev": true,
      "license": "MIT"
    },
    "packages/cli": {
      "name": "@focal/cli",
      "version": "0.1.0",
      "dependencies": {
        "@focal/core": "*",
        "commander": "^12.1.0"
      },
      "bin": {
        "focal": "dist/index.js"
      },
      "devDependencies": {
        "@types/node": "^20.0.0",
        "typescript": "^5.4.0"
      }
    },
    "packages/core": {
      "name": "@focal/core",
      "version": "0.1.0",
      "dependencies": {
        "lowdb": "^7.0.1",
        "tree-sitter": "^0.21.1",
        "tree-sitter-javascript": "^0.21.4",
        "tree-sitter-python": "^0.21.0",
        "tree-sitter-typescript": "^0.21.2"
      },
      "devDependencies": {
        "@types/node": "^20.0.0",
        "typescript": "^5.4.0"
      }
    }
  }
}
